
Microsoft Visual Studio Solution File, Format Version 12.00
# Visual Studio 2012
Project("{8BC9CEB8-8B4A-11D0-8D11-00A0C91BC942}") = "Concat-Convert", "Concat-Convert\Concat-Convert.vcxproj", "{4BA123F4-4E19-48A1-89E5-505667D705FB}"
EndProject
Global
	GlobalSection(SolutionConfigurationPlatforms) = preSolution
		Debug|Win32 = Debug|Win32
		Release|Win32 = Release|Win32
	EndGlobalSection
	GlobalSection(ProjectConfigurationPlatforms) = postSolution
		{4BA123F4-4E19-48A1-89E5-505667D705FB}.Debug|Win32.ActiveCfg = Debug|Win32
		{4BA123F4-4E19-48A1-89E5-505667D705FB}.Debug|Win32.Build.0 = Debug|Win32
		{4BA123F4-4E19-48A1-89E5-505667D705FB}.Release|Win32.ActiveCfg = Release|Win32
		{4BA123F4-4E19-48A1-89E5-505667D705FB}.Release|Win32.Build.0 = Release|Win32
	EndGlobalSection
	GlobalSection(SolutionProperties) = preSolution
		HideSolutionNode = FALSE
	EndGlobalSection
EndGlobal
